
Microsoft Visual Studio Solution File, Format Version 12.00
# Visual Studio 15
VisualStudioVersion = 15.0.27130.2003
MinimumVisualStudioVersion = 10.0.40219.1
Project("{FAE04EC0-301F-11D3-BF4B-00C04F79EFBC}") = "CompanyWebAplication", "CompanyWebAplication\CompanyWebAplication.csproj", "{B159A82B-C331-416C-82A4-7C7AADC9FFBC}"
EndProject
Project("{FAE04EC0-301F-11D3-BF4B-00C04F79EFBC}") = "BodyObject", "BodyObject\BodyObject.csproj", "{0AEB58F3-5928-4C09-B45C-E02C708E5080}"
EndProject
Project("{FAE04EC0-301F-11D3-BF4B-00C04F79EFBC}") = "BusinessLogicLayer", "BusinessLogicLayer\BusinessLogicLayer.csproj", "{EE3CF4F3-C82D-4E4E-B3A4-01378E5B4578}"
EndProject
Project("{FAE04EC0-301F-11D3-BF4B-00C04F79EFBC}") = "DataAccessLayer", "DataAccessLayer\DataAccessLayer.csproj", "{E5AB0D48-4805-4667-8770-0904478F767D}"
EndProject
Global
	GlobalSection(SolutionConfigurationPlatforms) = preSolution
		Debug|Any CPU = Debug|Any CPU
		Release|Any CPU = Release|Any CPU
	EndGlobalSection
	GlobalSection(ProjectConfigurationPlatforms) = postSolution
		{B159A82B-C331-416C-82A4-7C7AADC9FFBC}.Debug|Any CPU.ActiveCfg = Debug|Any CPU
		{B159A82B-C331-416C-82A4-7C7AADC9FFBC}.Debug|Any CPU.Build.0 = Debug|Any CPU
		{B159A82B-C331-416C-82A4-7C7AADC9FFBC}.Release|Any CPU.ActiveCfg = Release|Any CPU
		{B159A82B-C331-416C-82A4-7C7AADC9FFBC}.Release|Any CPU.Build.0 = Release|Any CPU
		{0AEB58F3-5928-4C09-B45C-E02C708E5080}.Debug|Any CPU.ActiveCfg = Debug|Any CPU
		{0AEB58F3-5928-4C09-B45C-E02C708E5080}.Debug|Any CPU.Build.0 = Debug|Any CPU
		{0AEB58F3-5928-4C09-B45C-E02C708E5080}.Release|Any CPU.ActiveCfg = Release|Any CPU
		{0AEB58F3-5928-4C09-B45C-E02C708E5080}.Release|Any CPU.Build.0 = Release|Any CPU
		{EE3CF4F3-C82D-4E4E-B3A4-01378E5B4578}.Debug|Any CPU.ActiveCfg = Debug|Any CPU
		{EE3CF4F3-C82D-4E4E-B3A4-01378E5B4578}.Debug|Any CPU.Build.0 = Debug|Any CPU
		{EE3CF4F3-C82D-4E4E-B3A4-01378E5B4578}.Release|Any CPU.ActiveCfg = Release|Any CPU
		{EE3CF4F3-C82D-4E4E-B3A4-01378E5B4578}.Release|Any CPU.Build.0 = Release|Any CPU
		{E5AB0D48-4805-4667-8770-0904478F767D}.Debug|Any CPU.ActiveCfg = Debug|Any CPU
		{E5AB0D48-4805-4667-8770-0904478F767D}.Debug|Any CPU.Build.0 = Debug|Any CPU
		{E5AB0D48-4805-4667-8770-0904478F767D}.Release|Any CPU.ActiveCfg = Release|Any CPU
		{E5AB0D48-4805-4667-8770-0904478F767D}.Release|Any CPU.Build.0 = Release|Any CPU
	EndGlobalSection
	GlobalSection(SolutionProperties) = preSolution
		HideSolutionNode = FALSE
	EndGlobalSection
	GlobalSection(ExtensibilityGlobals) = postSolution
		SolutionGuid = {D1CE7E2A-310D-4958-B5A8-9B1F48C22B22}
	EndGlobalSection
EndGlobal
